
Microsoft Visual Studio Solution File, Format Version 12.00
# Visual Studio Version 17
VisualStudioVersion = 17.11.35312.102
MinimumVisualStudioVersion = 10.0.40219.1
Project("{9A19103F-16F7-4668-BE54-9A1E7A4F7556}") = "ex01", "ex01\ex01.csproj", "{A4F4CEEB-0845-4FF0-BD14-D201953D2275}"
EndProject
Project("{9A19103F-16F7-4668-BE54-9A1E7A4F7556}") = "ex01b", "ex01b\ex01b.csproj", "{6A6AA067-D290-4CFA-8282-775932E65639}"
EndProject
Project("{9A19103F-16F7-4668-BE54-9A1E7A4F7556}") = "ex01c", "ex01c\ex01c.csproj", "{E5C41ACD-45E2-40C1-8999-C2024F8B0BCA}"
EndProject
Project("{FAE04EC0-301F-11D3-BF4B-00C04F79EFBC}") = "ex02", "ex02\ex02.csproj", "{CB7D7B3D-9A01-4CFF-B5ED-DEB461CE976B}"
EndProject
Project("{FAE04EC0-301F-11D3-BF4B-00C04F79EFBC}") = "ex02b", "ex02b\ex02b.csproj", "{E370BE68-9D32-4E1F-98CF-13F05F3559A6}"
EndProject
Project("{FAE04EC0-301F-11D3-BF4B-00C04F79EFBC}") = "ex03", "ex03\ex03.csproj", "{347F06E7-CA83-4835-8089-441098E1B0FB}"
EndProject
Project("{FAE04EC0-301F-11D3-BF4B-00C04F79EFBC}") = "ex02c", "ex02c\ex02c.csproj", "{BC578AF0-D15C-46A6-9551-BADE13AB4B58}"
EndProject
Project("{FAE04EC0-301F-11D3-BF4B-00C04F79EFBC}") = "ex02d", "ex02d\ex02d.csproj", "{0EC805D2-A551-4341-90C5-101A8D5E5E06}"
EndProject
Project("{FAE04EC0-301F-11D3-BF4B-00C04F79EFBC}") = "ex04", "ex04\ex04.csproj", "{263C5BBC-A658-4C89-BD0D-E2D1696752C6}"
EndProject
Project("{FAE04EC0-301F-11D3-BF4B-00C04F79EFBC}") = "ex05", "ex05\ex05.csproj", "{FDFFFD54-4944-41CB-B9E6-D2E44E57DBAF}"
EndProject
Project("{FAE04EC0-301F-11D3-BF4B-00C04F79EFBC}") = "ex05b", "ex05b\ex05b.csproj", "{17A750EC-2A51-469B-B7E4-1D14CBAAC370}"
EndProject
Project("{FAE04EC0-301F-11D3-BF4B-00C04F79EFBC}") = "ex05c", "ex05c\ex05c.csproj", "{5586B076-70D7-4A32-B293-E0BE6A615522}"
EndProject
Project("{FAE04EC0-301F-11D3-BF4B-00C04F79EFBC}") = "ex05d", "ex05d\ex05d.csproj", "{AEB46F37-8208-4737-BE5B-CAF7609C94DE}"
EndProject
Project("{FAE04EC0-301F-11D3-BF4B-00C04F79EFBC}") = "ex06", "ex06\ex06.csproj", "{8EBFA916-757C-4619-B9D0-568877C8D311}"
EndProject
Project("{FAE04EC0-301F-11D3-BF4B-00C04F79EFBC}") = "ex06b", "ex06b\ex06b.csproj", "{77A3E64D-E32A-43AA-91B0-3DCFC015A204}"
EndProject
Global
	GlobalSection(SolutionConfigurationPlatforms) = preSolution
		Debug|Any CPU = Debug|Any CPU
		Release|Any CPU = Release|Any CPU
	EndGlobalSection
	GlobalSection(ProjectConfigurationPlatforms) = postSolution
		{A4F4CEEB-0845-4FF0-BD14-D201953D2275}.Debug|Any CPU.ActiveCfg = Debug|Any CPU
		{A4F4CEEB-0845-4FF0-BD14-D201953D2275}.Debug|Any CPU.Build.0 = Debug|Any CPU
		{A4F4CEEB-0845-4FF0-BD14-D201953D2275}.Release|Any CPU.ActiveCfg = Release|Any CPU
		{A4F4CEEB-0845-4FF0-BD14-D201953D2275}.Release|Any CPU.Build.0 = Release|Any CPU
		{6A6AA067-D290-4CFA-8282-775932E65639}.Debug|Any CPU.ActiveCfg = Debug|Any CPU
		{6A6AA067-D290-4CFA-8282-775932E65639}.Debug|Any CPU.Build.0 = Debug|Any CPU
		{6A6AA067-D290-4CFA-8282-775932E65639}.Release|Any CPU.ActiveCfg = Release|Any CPU
		{6A6AA067-D290-4CFA-8282-775932E65639}.Release|Any CPU.Build.0 = Release|Any CPU
		{E5C41ACD-45E2-40C1-8999-C2024F8B0BCA}.Debug|Any CPU.ActiveCfg = Debug|Any CPU
		{E5C41ACD-45E2-40C1-8999-C2024F8B0BCA}.Debug|Any CPU.Build.0 = Debug|Any CPU
		{E5C41ACD-45E2-40C1-8999-C2024F8B0BCA}.Release|Any CPU.ActiveCfg = Release|Any CPU
		{E5C41ACD-45E2-40C1-8999-C2024F8B0BCA}.Release|Any CPU.Build.0 = Release|Any CPU
		{CB7D7B3D-9A01-4CFF-B5ED-DEB461CE976B}.Debug|Any CPU.ActiveCfg = Debug|Any CPU
		{CB7D7B3D-9A01-4CFF-B5ED-DEB461CE976B}.Debug|Any CPU.Build.0 = Debug|Any CPU
		{CB7D7B3D-9A01-4CFF-B5ED-DEB461CE976B}.Release|Any CPU.ActiveCfg = Release|Any CPU
		{CB7D7B3D-9A01-4CFF-B5ED-DEB461CE976B}.Release|Any CPU.Build.0 = Release|Any CPU
		{E370BE68-9D32-4E1F-98CF-13F05F3559A6}.Debug|Any CPU.ActiveCfg = Debug|Any CPU
		{E370BE68-9D32-4E1F-98CF-13F05F3559A6}.Debug|Any CPU.Build.0 = Debug|Any CPU
		{E370BE68-9D32-4E1F-98CF-13F05F3559A6}.Release|Any CPU.ActiveCfg = Release|Any CPU
		{E370BE68-9D32-4E1F-98CF-13F05F3559A6}.Release|Any CPU.Build.0 = Release|Any CPU
		{347F06E7-CA83-4835-8089-441098E1B0FB}.Debug|Any CPU.ActiveCfg = Debug|Any CPU
		{347F06E7-CA83-4835-8089-441098E1B0FB}.Debug|Any CPU.Build.0 = Debug|Any CPU
		{347F06E7-CA83-4835-8089-441098E1B0FB}.Release|Any CPU.ActiveCfg = Release|Any CPU
		{347F06E7-CA83-4835-8089-441098E1B0FB}.Release|Any CPU.Build.0 = Release|Any CPU
		{BC578AF0-D15C-46A6-9551-BADE13AB4B58}.Debug|Any CPU.ActiveCfg = Debug|Any CPU
		{BC578AF0-D15C-46A6-9551-BADE13AB4B58}.Debug|Any CPU.Build.0 = Debug|Any CPU
		{BC578AF0-D15C-46A6-9551-BADE13AB4B58}.Release|Any CPU.ActiveCfg = Release|Any CPU
		{BC578AF0-D15C-46A6-9551-BADE13AB4B58}.Release|Any CPU.Build.0 = Release|Any CPU
		{0EC805D2-A551-4341-90C5-101A8D5E5E06}.Debug|Any CPU.ActiveCfg = Debug|Any CPU
		{0EC805D2-A551-4341-90C5-101A8D5E5E06}.Debug|Any CPU.Build.0 = Debug|Any CPU
		{0EC805D2-A551-4341-90C5-101A8D5E5E06}.Release|Any CPU.ActiveCfg = Release|Any CPU
		{0EC805D2-A551-4341-90C5-101A8D5E5E06}.Release|Any CPU.Build.0 = Release|Any CPU
		{263C5BBC-A658-4C89-BD0D-E2D1696752C6}.Debug|Any CPU.ActiveCfg = Debug|Any CPU
		{263C5BBC-A658-4C89-BD0D-E2D1696752C6}.Debug|Any CPU.Build.0 = Debug|Any CPU
		{263C5BBC-A658-4C89-BD0D-E2D1696752C6}.Release|Any CPU.ActiveCfg = Release|Any CPU
		{263C5BBC-A658-4C89-BD0D-E2D1696752C6}.Release|Any CPU.Build.0 = Release|Any CPU
		{FDFFFD54-4944-41CB-B9E6-D2E44E57DBAF}.Debug|Any CPU.ActiveCfg = Debug|Any CPU
		{FDFFFD54-4944-41CB-B9E6-D2E44E57DBAF}.Debug|Any CPU.Build.0 = Debug|Any CPU
		{FDFFFD54-4944-41CB-B9E6-D2E44E57DBAF}.Release|Any CPU.ActiveCfg = Release|Any CPU
		{FDFFFD54-4944-41CB-B9E6-D2E44E57DBAF}.Release|Any CPU.Build.0 = Release|Any CPU
		{17A750EC-2A51-469B-B7E4-1D14CBAAC370}.Debug|Any CPU.ActiveCfg = Debug|Any CPU
		{17A750EC-2A51-469B-B7E4-1D14CBAAC370}.Debug|Any CPU.Build.0 = Debug|Any CPU
		{17A750EC-2A51-469B-B7E4-1D14CBAAC370}.Release|Any CPU.ActiveCfg = Release|Any CPU
		{17A750EC-2A51-469B-B7E4-1D14CBAAC370}.Release|Any CPU.Build.0 = Release|Any CPU
		{5586B076-70D7-4A32-B293-E0BE6A615522}.Debug|Any CPU.ActiveCfg = Debug|Any CPU
		{5586B076-70D7-4A32-B293-E0BE6A615522}.Debug|Any CPU.Build.0 = Debug|Any CPU
		{5586B076-70D7-4A32-B293-E0BE6A615522}.Release|Any CPU.ActiveCfg = Release|Any CPU
		{5586B076-70D7-4A32-B293-E0BE6A615522}.Release|Any CPU.Build.0 = Release|Any CPU
		{AEB46F37-8208-4737-BE5B-CAF7609C94DE}.Debug|Any CPU.ActiveCfg = Debug|Any CPU
		{AEB46F37-8208-4737-BE5B-CAF7609C94DE}.Debug|Any CPU.Build.0 = Debug|Any CPU
		{AEB46F37-8208-4737-BE5B-CAF7609C94DE}.Release|Any CPU.ActiveCfg = Release|Any CPU
		{AEB46F37-8208-4737-BE5B-CAF7609C94DE}.Release|Any CPU.Build.0 = Release|Any CPU
		{8EBFA916-757C-4619-B9D0-568877C8D311}.Debug|Any CPU.ActiveCfg = Debug|Any CPU
		{8EBFA916-757C-4619-B9D0-568877C8D311}.Debug|Any CPU.Build.0 = Debug|Any CPU
		{8EBFA916-757C-4619-B9D0-568877C8D311}.Release|Any CPU.ActiveCfg = Release|Any CPU
		{8EBFA916-757C-4619-B9D0-568877C8D311}.Release|Any CPU.Build.0 = Release|Any CPU
		{77A3E64D-E32A-43AA-91B0-3DCFC015A204}.Debug|Any CPU.ActiveCfg = Debug|Any CPU
		{77A3E64D-E32A-43AA-91B0-3DCFC015A204}.Debug|Any CPU.Build.0 = Debug|Any CPU
		{77A3E64D-E32A-43AA-91B0-3DCFC015A204}.Release|Any CPU.ActiveCfg = Release|Any CPU
		{77A3E64D-E32A-43AA-91B0-3DCFC015A204}.Release|Any CPU.Build.0 = Release|Any CPU
	EndGlobalSection
	GlobalSection(SolutionProperties) = preSolution
		HideSolutionNode = FALSE
	EndGlobalSection
	GlobalSection(ExtensibilityGlobals) = postSolution
		SolutionGuid = {5C916FD3-DB5A-4F81-8421-28D1ECEE78DE}
	EndGlobalSection
EndGlobal
